PODS:
  - MessageThrottle/MTArchive (1.5.0):
    - MessageThrottle/MTCore
  - MessageThrottle/MTCore (1.5.0)

DEPENDENCIES:
  - MessageThrottle/MTArchive (from `../`)
  - MessageThrottle/MTCore (from `../`)

EXTERNAL SOURCES:
  MessageThrottle:
    :path: "../"

SPEC CHECKSUMS:
  MessageThrottle: 8e029c043c626037cd9e298e0a98c826cac0c9c1

PODFILE CHECKSUM: 084e226a0ceda83fe511fada92fb9fb654bd1088

COCOAPODS: 1.16.2
