PODS:
  - MessageThrottle/MTCore (1.4.3)

DEPENDENCIES:
  - MessageThrottle/MTCore (from `../`)

EXTERNAL SOURCES:
  MessageThrottle:
    :path: "../"

SPEC CHECKSUMS:
  MessageThrottle: 0f7ff57145ead2fc705396e67685f18045ed2e8f

PODFILE CHECKSUM: f7b07fbaf0035ace58930d35ab42431fbae4d369

COCOAPODS: 1.14.3
